<?xml version="1.0" encoding="utf-8"?>
<Project ToolsVersion="4.0" xmlns="http://schemas.microsoft.com/developer/msbuild/2003">
  <ItemGroup>
    <Filter Include="Source Files">
      <UniqueIdentifier>{4FC737F1-C7A5-4376-A066-2A32D752A2FF}</UniqueIdentifier>
      <Extensions>cpp;c;cc;cxx;c++;cppm;ixx;def;odl;idl;hpj;bat;asm;asmx</Extensions>
    </Filter>
    <Filter Include="Header Files">
      <UniqueIdentifier>{93995380-89BD-4b04-88EB-625FBE52EBFB}</UniqueIdentifier>
      <Extensions>h;hh;hpp;hxx;h++;hm;inl;inc;ipp;xsd</Extensions>
    </Filter>
    <Filter Include="Resource Files">
      <UniqueIdentifier>{67DA6AB6-F800-4c08-8B7A-83BB121AAD01}</UniqueIdentifier>
      <Extensions>rc;ico;cur;bmp;dlg;rc2;rct;bin;rgs;gif;jpg;jpeg;jpe;resx;tiff;tif;png;wav;mfcribbon-ms</Extensions>
    </Filter>
  </ItemGroup>
  <ItemGroup>
    <ClCompile Include="WaterMeterCpp.cpp">
      <Filter>Source Files</Filter>
    </ClCompile>
    <ClCompile Include="Aggregator.cpp">
      <Filter>Source Files</Filter>
    </ClCompile>
    <ClCompile Include="SampleAggregator.cpp">
      <Filter>Source Files</Filter>
    </ClCompile>
    <ClCompile Include="FlowMeter.cpp">
      <Filter>Source Files</Filter>
    </ClCompile>
    <ClCompile Include="ResultAggregator.cpp">
      <Filter>Source Files</Filter>
    </ClCompile>
    <ClCompile Include="MagnetoSensorReader.cpp">
      <Filter>Source Files</Filter>
    </ClCompile>
    <ClCompile Include="LedDriver.cpp">
      <Filter>Source Files</Filter>
    </ClCompile>
    <ClCompile Include="Device.cpp">
      <Filter>Source Files</Filter>
    </ClCompile>
    <ClCompile Include="FirmwareManager.cpp">
      <Filter>Source Files</Filter>
    </ClCompile>
    <ClCompile Include="MqttGateway.cpp">
      <Filter>Source Files</Filter>
    </ClCompile>
    <ClCompile Include="PayloadBuilder.cpp">
      <Filter>Source Files</Filter>
    </ClCompile>
    <ClCompile Include="TimeServer.cpp">
      <Filter>Source Files</Filter>
    </ClCompile>
    <ClCompile Include="WiFiManager.cpp">
      <Filter>Source Files</Filter>
    </ClCompile>
    <ClCompile Include="Log.cpp">
      <Filter>Source Files</Filter>
    </ClCompile>
    <ClCompile Include="EventClient.cpp">
      <Filter>Source Files</Filter>
    </ClCompile>
    <ClCompile Include="EventServer.cpp">
      <Filter>Source Files</Filter>
    </ClCompile>
    <ClCompile Include="LedFlasher.cpp">
      <Filter>Source Files</Filter>
    </ClCompile>
    <ClCompile Include="LongChangePublisher.cpp">
      <Filter>Source Files</Filter>
    </ClCompile>
    <ClCompile Include="Connector.cpp">
      <Filter>Source Files</Filter>
    </ClCompile>
    <ClCompile Include="DataQueue.cpp">
      <Filter>Source Files</Filter>
    </ClCompile>
    <ClCompile Include="Clock.cpp">
      <Filter>Source Files</Filter>
    </ClCompile>
    <ClCompile Include="QueueClient.cpp">
      <Filter>Source Files</Filter>
    </ClCompile>
    <ClCompile Include="Serializer.cpp">
      <Filter>Source Files</Filter>
    </ClCompile>
    <ClCompile Include="Led.cpp">
      <Filter>Source Files</Filter>
    </ClCompile>
    <ClCompile Include="Sampler.cpp">
      <Filter>Source Files</Filter>
    </ClCompile>
    <ClCompile Include="Communicator.cpp">
      <Filter>Source Files</Filter>
    </ClCompile>
    <ClCompile Include="DataQueuePayload.cpp">
      <Filter>Source Files</Filter>
    </ClCompile>
    <ClCompile Include="Configuration.cpp">
      <Filter>Source Files</Filter>
    </ClCompile>
    <ClCompile Include="WiFiClientFactory.cpp">
      <Filter>Source Files</Filter>
    </ClCompile>
    <ClCompile Include="MagnetoSensorQmc.cpp">
      <Filter>Source Files</Filter>
    </ClCompile>
    <ClCompile Include="MagnetoSensor.cpp">
      <Filter>Source Files</Filter>
    </ClCompile>
    <ClCompile Include="MagnetoSensorHmc.cpp">
      <Filter>Source Files</Filter>
    </ClCompile>
    <ClCompile Include="OledDriver.cpp">
      <Filter>Source Files</Filter>
    </ClCompile>
    <ClCompile Include="Meter.cpp">
      <Filter>Source Files</Filter>
    </ClCompile>
    <ClCompile Include="ExtremeSearcher.cpp">
      <Filter>Source Files</Filter>
    </ClCompile>
    <ClCompile Include="Angle.cpp">
      <Filter>Source Files</Filter>
    </ClCompile>
    <ClCompile Include="Button.cpp">
      <Filter>Source Files</Filter>
    </ClCompile>
  </ItemGroup>
  <ItemGroup>
    <ClInclude Include="Aggregator.h">
      <Filter>Header Files</Filter>
    </ClInclude>
    <ClInclude Include="SampleAggregator.h">
      <Filter>Header Files</Filter>
    </ClInclude>
    <ClInclude Include="FlowMeter.h">
      <Filter>Header Files</Filter>
    </ClInclude>
    <ClInclude Include="ResultAggregator.h">
      <Filter>Header Files</Filter>
    </ClInclude>
    <ClInclude Include="MagnetoSensorReader.h">
      <Filter>Header Files</Filter>
    </ClInclude>
    <ClInclude Include="LedDriver.h">
      <Filter>Header Files</Filter>
    </ClInclude>
    <ClInclude Include="ChangePublisher.h">
      <Filter>Header Files</Filter>
    </ClInclude>
    <ClInclude Include="Device.h">
      <Filter>Header Files</Filter>
    </ClInclude>
    <ClInclude Include="FirmwareManager.h">
      <Filter>Header Files</Filter>
    </ClInclude>
    <ClInclude Include="MqttGateway.h">
      <Filter>Header Files</Filter>
    </ClInclude>
    <ClInclude Include="PayloadBuilder.h">
      <Filter>Header Files</Filter>
    </ClInclude>
    <ClInclude Include="secrets.h">
      <Filter>Header Files</Filter>
    </ClInclude>
    <ClInclude Include="TimeServer.h">
      <Filter>Header Files</Filter>
    </ClInclude>
    <ClInclude Include="WiFiManager.h">
      <Filter>Header Files</Filter>
    </ClInclude>
    <ClInclude Include="Log.h">
      <Filter>Header Files</Filter>
    </ClInclude>
    <ClInclude Include="EventClient.h">
      <Filter>Header Files</Filter>
    </ClInclude>
    <ClInclude Include="EventServer.h">
      <Filter>Header Files</Filter>
    </ClInclude>
    <ClInclude Include="LedFlasher.h">
      <Filter>Header Files</Filter>
    </ClInclude>
    <ClInclude Include="LongChangePublisher.h">
      <Filter>Header Files</Filter>
    </ClInclude>
    <ClInclude Include="Connector.h">
      <Filter>Header Files</Filter>
    </ClInclude>
    <ClInclude Include="DataQueue.h">
      <Filter>Header Files</Filter>
    </ClInclude>
    <ClInclude Include="Clock.h">
      <Filter>Header Files</Filter>
    </ClInclude>
    <ClInclude Include="QueueClient.h">
      <Filter>Header Files</Filter>
    </ClInclude>
    <ClInclude Include="Serializer.h">
      <Filter>Header Files</Filter>
    </ClInclude>
    <ClInclude Include="DataQueuePayload.h">
      <Filter>Header Files</Filter>
    </ClInclude>
    <ClInclude Include="ConnectionState.h">
      <Filter>Header Files</Filter>
    </ClInclude>
    <ClInclude Include="Led.h">
      <Filter>Header Files</Filter>
    </ClInclude>
    <ClInclude Include="Sampler.h">
      <Filter>Header Files</Filter>
    </ClInclude>
    <ClInclude Include="SafeCString.h">
      <Filter>Header Files</Filter>
    </ClInclude>
    <ClInclude Include="Configuration.h">
      <Filter>Header Files</Filter>
    </ClInclude>
    <ClInclude Include="Communicator.h">
      <Filter>Header Files</Filter>
    </ClInclude>
    <ClInclude Include="WiFiClientFactory.h">
      <Filter>Header Files</Filter>
    </ClInclude>
    <ClInclude Include="MagnetoSensorQmc.h">
      <Filter>Header Files</Filter>
    </ClInclude>
    <ClInclude Include="MagnetoSensor.h">
      <Filter>Header Files</Filter>
    </ClInclude>
    <ClInclude Include="MagnetoSensorHmc.h">
      <Filter>Header Files</Filter>
    </ClInclude>
    <ClInclude Include="OledDriver.h">
      <Filter>Header Files</Filter>
    </ClInclude>
    <ClInclude Include="MagnetoSensorNull.h">
      <Filter>Header Files</Filter>
    </ClInclude>
    <ClInclude Include="Meter.h">
      <Filter>Header Files</Filter>
    </ClInclude>
    <ClInclude Include="ExtremeSearcher.h">
      <Filter>Header Files</Filter>
    </ClInclude>
    <ClInclude Include="Coordinate.h">
      <Filter>Header Files</Filter>
    </ClInclude>
    <ClInclude Include="FloatCoordinate.h">
      <Filter>Header Files</Filter>
    </ClInclude>
    <ClInclude Include="Angle.h">
      <Filter>Header Files</Filter>
    </ClInclude>
    <ClInclude Include="Button.h">
      <Filter>Header Files</Filter>
    </ClInclude>
  </ItemGroup>
</Project>