<?xml version="1.0" encoding="utf-8"?>
<Project ToolsVersion="4.0" xmlns="http://schemas.microsoft.com/developer/msbuild/2003">
  <ItemGroup>
    <Filter Include="Source Files">
      <UniqueIdentifier>{4FC737F1-C7A5-4376-A066-2A32D752A2FF}</UniqueIdentifier>
      <Extensions>cpp;c;cc;cxx;c++;cppm;ixx;def;odl;idl;hpj;bat;asm;asmx</Extensions>
    </Filter>
    <Filter Include="Header Files">
      <UniqueIdentifier>{93995380-89BD-4b04-88EB-625FBE52EBFB}</UniqueIdentifier>
      <Extensions>h;hh;hpp;hxx;h++;hm;inl;inc;ipp;xsd</Extensions>
    </Filter>
    <Filter Include="Resource Files">
      <UniqueIdentifier>{67DA6AB6-F800-4c08-8B7A-83BB121AAD01}</UniqueIdentifier>
      <Extensions>rc;ico;cur;bmp;dlg;rc2;rct;bin;rgs;gif;jpg;jpeg;jpe;resx;tiff;tif;png;wav;mfcribbon-ms</Extensions>
    </Filter>
  </ItemGroup>
  <ItemGroup>
    <ClCompile Include="WaterMeterCppTest.cpp">
      <Filter>Source Files</Filter>
    </ClCompile>
    <ClCompile Include="pch.cpp">
      <Filter>Source Files</Filter>
    </ClCompile>
    <ClCompile Include="BatchWriterTest.cpp">
      <Filter>Source Files</Filter>
    </ClCompile>
    <ClCompile Include="BatchWriterDriver.cpp">
      <Filter>Source Files</Filter>
    </ClCompile>
    <ClCompile Include="MeasurementWriterTest.cpp">
      <Filter>Source Files</Filter>
    </ClCompile>
    <ClCompile Include="MeasurementWriterDriver.cpp">
      <Filter>Source Files</Filter>
    </ClCompile>
    <ClCompile Include="FlowMeterDriver.cpp">
      <Filter>Source Files</Filter>
    </ClCompile>
    <ClCompile Include="ResultWriterTest.cpp">
      <Filter>Source Files</Filter>
    </ClCompile>
    <ClCompile Include="ResultWriterDriver.cpp">
      <Filter>Source Files</Filter>
    </ClCompile>
    <ClCompile Include="FlowMeterTest.cpp">
      <Filter>Source Files</Filter>
    </ClCompile>
    <ClCompile Include="StorageTest.cpp">
      <Filter>Source Files</Filter>
    </ClCompile>
    <ClCompile Include="SerialSchedulerTest.cpp">
      <Filter>Source Files</Filter>
    </ClCompile>
    <ClCompile Include="SerialDriverMock.cpp">
      <Filter>Source Files</Filter>
    </ClCompile>
    <ClCompile Include="LedDriverTest.cpp">
      <Filter>Source Files</Filter>
    </ClCompile>
    <ClCompile Include="SerialDriverTest.cpp">
      <Filter>Source Files</Filter>
    </ClCompile>
  </ItemGroup>
  <ItemGroup>
    <ClInclude Include="pch.h">
      <Filter>Header Files</Filter>
    </ClInclude>
    <ClInclude Include="BatchWriterDriver.h">
      <Filter>Header Files</Filter>
    </ClInclude>
    <ClInclude Include="MeasurementWriterDriver.h">
      <Filter>Header Files</Filter>
    </ClInclude>
    <ClInclude Include="FlowMeterDriver.h">
      <Filter>Header Files</Filter>
    </ClInclude>
    <ClInclude Include="ResultWriterDriver.h">
      <Filter>Header Files</Filter>
    </ClInclude>
    <ClInclude Include="SerialDriverMock.h">
      <Filter>Header Files</Filter>
    </ClInclude>
  </ItemGroup>
</Project>